github.com/Kirill-Znamenskiy/kzerror v0.0.1 h1:QDA0bvBQUUjq0BCvF4Z1av/WQRXK8TXNXe3hJNKV1/E=
github.com/Kirill-Znamenskiy/kzerror v0.0.1/go.mod h1:ntcGkNuqaTp1Tm69by0PLKI1sJjCKSTrT1G1N+iI92Y=
github.com/Kirill-Znamenskiy/kzlogger v0.0.3 h1:RSE+VB5KWRaWNBc8EiyRkAqTp+mAso24EHIAmz3I1co=
github.com/Kirill-Znamenskiy/kzlogger v0.0.3/go.mod h1:+TXl4Nz+/GEou/TSSWwuZIf2qdK9Zg+sQJIlJLO9Hl8=
